{
  "name": "webattack-sandbox",
  "lockfileVersion": 3,
  "requires": true,
  "packages": {
    "": {
      "dependencies": {
        "monaco": "^1.201704190613.0"
      }
    },
    "node_modules/monaco": {
      "version": "1.201704190613.0",
      "resolved": "https://registry.npmjs.org/monaco/-/monaco-1.201704190613.0.tgz",
      "integrity": "sha512-xcQUOfa7inJdhOjHmwxILMIyPk4nl80E9AVvwyz5PUC2uEbxSjNUR9tjEIUxR+rR5o0xe64lqsIpChSzu8YMOQ==",
      "license": "MIT"
    }
  }
}
